
Microsoft Visual Studio Solution File, Format Version 12.00
# Visual Studio 15
VisualStudioVersion = 15.0.27703.2026
MinimumVisualStudioVersion = 10.0.40219.1
Project("{9A19103F-16F7-4668-BE54-9A1E7A4F7556}") = "Btf.Web.Api", "BurmaTaskForce\Btf.Web.Api.csproj", "{D55BE7A4-AB8A-4881-9173-6428900BA364}"
EndProject
Project("{9A19103F-16F7-4668-BE54-9A1E7A4F7556}") = "Btf.Data", "PortalSO.Data\Btf.Data.csproj", "{534D48D9-0A61-43BE-AB3D-170EB456028C}"
EndProject
Project("{9A19103F-16F7-4668-BE54-9A1E7A4F7556}") = "Btf.Data.Contracts", "PortalSO.Data.Contracts\Btf.Data.Contracts.csproj", "{C471780D-6585-414E-9F52-9F4F9C731923}"
EndProject
Project("{9A19103F-16F7-4668-BE54-9A1E7A4F7556}") = "Btf.Data.Model", "PortalSO.Data.Model\Btf.Data.Model.csproj", "{4AFDBDE3-AB63-4D5F-BB84-73FAAEA2DF50}"
EndProject
Project("{9A19103F-16F7-4668-BE54-9A1E7A4F7556}") = "Btf.Services", "PortalSO.Services\Btf.Services.csproj", "{71A19B39-8F80-4397-9E45-7503E8B24FB4}"
EndProject
Project("{9A19103F-16F7-4668-BE54-9A1E7A4F7556}") = "Btf.Utilities", "PortalSO.Utilities\Btf.Utilities.csproj", "{836C7122-6E25-4297-8875-4396E1E26919}"
EndProject
Project("{9A19103F-16F7-4668-BE54-9A1E7A4F7556}") = "Btf.IdentityServer", "PortalSO.IdentityServer\Btf.IdentityServer.csproj", "{C9F6F76D-6F33-499C-9D1E-95E504C1D4B3}"
EndProject
Global
	GlobalSection(SolutionConfigurationPlatforms) = preSolution
		Debug|Any CPU = Debug|Any CPU
		Release|Any CPU = Release|Any CPU
	EndGlobalSection
	GlobalSection(ProjectConfigurationPlatforms) = postSolution
		{D55BE7A4-AB8A-4881-9173-6428900BA364}.Debug|Any CPU.ActiveCfg = Debug|Any CPU
		{D55BE7A4-AB8A-4881-9173-6428900BA364}.Debug|Any CPU.Build.0 = Debug|Any CPU
		{D55BE7A4-AB8A-4881-9173-6428900BA364}.Release|Any CPU.ActiveCfg = Release|Any CPU
		{D55BE7A4-AB8A-4881-9173-6428900BA364}.Release|Any CPU.Build.0 = Release|Any CPU
		{534D48D9-0A61-43BE-AB3D-170EB456028C}.Debug|Any CPU.ActiveCfg = Debug|Any CPU
		{534D48D9-0A61-43BE-AB3D-170EB456028C}.Debug|Any CPU.Build.0 = Debug|Any CPU
		{534D48D9-0A61-43BE-AB3D-170EB456028C}.Release|Any CPU.ActiveCfg = Release|Any CPU
		{534D48D9-0A61-43BE-AB3D-170EB456028C}.Release|Any CPU.Build.0 = Release|Any CPU
		{C471780D-6585-414E-9F52-9F4F9C731923}.Debug|Any CPU.ActiveCfg = Debug|Any CPU
		{C471780D-6585-414E-9F52-9F4F9C731923}.Debug|Any CPU.Build.0 = Debug|Any CPU
		{C471780D-6585-414E-9F52-9F4F9C731923}.Release|Any CPU.ActiveCfg = Release|Any CPU
		{C471780D-6585-414E-9F52-9F4F9C731923}.Release|Any CPU.Build.0 = Release|Any CPU
		{4AFDBDE3-AB63-4D5F-BB84-73FAAEA2DF50}.Debug|Any CPU.ActiveCfg = Debug|Any CPU
		{4AFDBDE3-AB63-4D5F-BB84-73FAAEA2DF50}.Debug|Any CPU.Build.0 = Debug|Any CPU
		{4AFDBDE3-AB63-4D5F-BB84-73FAAEA2DF50}.Release|Any CPU.ActiveCfg = Release|Any CPU
		{4AFDBDE3-AB63-4D5F-BB84-73FAAEA2DF50}.Release|Any CPU.Build.0 = Release|Any CPU
		{71A19B39-8F80-4397-9E45-7503E8B24FB4}.Debug|Any CPU.ActiveCfg = Debug|Any CPU
		{71A19B39-8F80-4397-9E45-7503E8B24FB4}.Debug|Any CPU.Build.0 = Debug|Any CPU
		{71A19B39-8F80-4397-9E45-7503E8B24FB4}.Release|Any CPU.ActiveCfg = Release|Any CPU
		{71A19B39-8F80-4397-9E45-7503E8B24FB4}.Release|Any CPU.Build.0 = Release|Any CPU
		{836C7122-6E25-4297-8875-4396E1E26919}.Debug|Any CPU.ActiveCfg = Debug|Any CPU
		{836C7122-6E25-4297-8875-4396E1E26919}.Debug|Any CPU.Build.0 = Debug|Any CPU
		{836C7122-6E25-4297-8875-4396E1E26919}.Release|Any CPU.ActiveCfg = Release|Any CPU
		{836C7122-6E25-4297-8875-4396E1E26919}.Release|Any CPU.Build.0 = Release|Any CPU
		{C9F6F76D-6F33-499C-9D1E-95E504C1D4B3}.Debug|Any CPU.ActiveCfg = Debug|Any CPU
		{C9F6F76D-6F33-499C-9D1E-95E504C1D4B3}.Debug|Any CPU.Build.0 = Debug|Any CPU
		{C9F6F76D-6F33-499C-9D1E-95E504C1D4B3}.Release|Any CPU.ActiveCfg = Release|Any CPU
		{C9F6F76D-6F33-499C-9D1E-95E504C1D4B3}.Release|Any CPU.Build.0 = Release|Any CPU
	EndGlobalSection
	GlobalSection(SolutionProperties) = preSolution
		HideSolutionNode = FALSE
	EndGlobalSection
	GlobalSection(ExtensibilityGlobals) = postSolution
		SolutionGuid = {22A93E68-1C40-4DA2-97D5-4A4BF7CB73C3}
	EndGlobalSection
EndGlobal
